// !$*UTF8*$!
{
	archiveVersion = 1;
	classes = {
	};
	objectVersion = 50;
	objects = {

/* Begin PBXBuildFile section */
		D4C230592422DAE500DAC5B3 /* CertificateVC.swift in Sources */ = {isa = PBXBuildFile; fileRef = D4C230582422DAE500DAC5B3 /* CertificateVC.swift */; };
		D4F64F6524221B7100FCA7E4 /* AppDelegate.swift in Sources */ = {isa = PBXBuildFile; fileRef = D4F64F6424221B7100FCA7E4 /* AppDelegate.swift */; };
		D4F64F6724221B7100FCA7E4 /* SceneDelegate.swift in Sources */ = {isa = PBXBuildFile; fileRef = D4F64F6624221B7100FCA7E4 /* SceneDelegate.swift */; };
		D4F64F6924221B7100FCA7E4 /* ViewController.swift in Sources */ = {isa = PBXBuildFile; fileRef = D4F64F6824221B7100FCA7E4 /* ViewController.swift */; };
		D4F64F6C24221B7100FCA7E4 /* Main.storyboard in Resources */ = {isa = PBXBuildFile; fileRef = D4F64F6A24221B7100FCA7E4 /* Main.storyboard */; };
		D4F64F6E24221B7200FCA7E4 /* Assets.xcassets in Resources */ = {isa = PBXBuildFile; fileRef = D4F64F6D24221B7200FCA7E4 /* Assets.xcassets */; };
		D4F64F7124221B7200FCA7E4 /* LaunchScreen.storyboard in Resources */ = {isa = PBXBuildFile; fileRef = D4F64F6F24221B7200FCA7E4 /* LaunchScreen.storyboard */; };
		D4F64F792422285A00FCA7E4 /* MotiveView.xib in Resources */ = {isa = PBXBuildFile; fileRef = D4F64F782422285A00FCA7E4 /* MotiveView.xib */; };
		D4F64F7B2422295F00FCA7E4 /* MotiveView.swift in Sources */ = {isa = PBXBuildFile; fileRef = D4F64F7A2422295F00FCA7E4 /* MotiveView.swift */; };
		D4F64F7D24222C1F00FCA7E4 /* Motive.swift in Sources */ = {isa = PBXBuildFile; fileRef = D4F64F7C24222C1F00FCA7E4 /* Motive.swift */; };
		D4F64F8024225E0800FCA7E4 /* SignatureVC.swift in Sources */ = {isa = PBXBuildFile; fileRef = D4F64F7F24225E0800FCA7E4 /* SignatureVC.swift */; };
		D4F64F8224225E4200FCA7E4 /* Canva.swift in Sources */ = {isa = PBXBuildFile; fileRef = D4F64F8124225E4200FCA7E4 /* Canva.swift */; };
		D4F64F862422764100FCA7E4 /* UIView+Extensions.swift in Sources */ = {isa = PBXBuildFile; fileRef = D4F64F852422764100FCA7E4 /* UIView+Extensions.swift */; };
		D4F64F88242286DE00FCA7E4 /* UserInfosVC.swift in Sources */ = {isa = PBXBuildFile; fileRef = D4F64F87242286DE00FCA7E4 /* UserInfosVC.swift */; };
/* End PBXBuildFile section */

/* Begin PBXFileReference section */
		D4C230582422DAE500DAC5B3 /* CertificateVC.swift */ = {isa = PBXFileReference; lastKnownFileType = sourcecode.swift; path = CertificateVC.swift; sourceTree = "<group>"; };
		D4F64F6124221B7100FCA7E4 /* RestezChezVous.app */ = {isa = PBXFileReference; explicitFileType = wrapper.application; includeInIndex = 0; path = RestezChezVous.app; sourceTree = BUILT_PRODUCTS_DIR; };
		D4F64F6424221B7100FCA7E4 /* AppDelegate.swift */ = {isa = PBXFileReference; lastKnownFileType = sourcecode.swift; path = AppDelegate.swift; sourceTree = "<group>"; };
		D4F64F6624221B7100FCA7E4 /* SceneDelegate.swift */ = {isa = PBXFileReference; lastKnownFileType = sourcecode.swift; path = SceneDelegate.swift; sourceTree = "<group>"; };
		D4F64F6824221B7100FCA7E4 /* ViewController.swift */ = {isa = PBXFileReference; lastKnownFileType = sourcecode.swift; path = ViewController.swift; sourceTree = "<group>"; };
		D4F64F6B24221B7100FCA7E4 /* Base */ = {isa = PBXFileReference; lastKnownFileType = file.storyboard; name = Base; path = Base.lproj/Main.storyboard; sourceTree = "<group>"; };
		D4F64F6D24221B7200FCA7E4 /* Assets.xcassets */ = {isa = PBXFileReference; lastKnownFileType = folder.assetcatalog; path = Assets.xcassets; sourceTree = "<group>"; };
		D4F64F7024221B7200FCA7E4 /* Base */ = {isa = PBXFileReference; lastKnownFileType = file.storyboard; name = Base; path = Base.lproj/LaunchScreen.storyboard; sourceTree = "<group>"; };
		D4F64F7224221B7200FCA7E4 /* Info.plist */ = {isa = PBXFileReference; lastKnownFileType = text.plist.xml; path = Info.plist; sourceTree = "<group>"; };
		D4F64F782422285A00FCA7E4 /* MotiveView.xib */ = {isa = PBXFileReference; lastKnownFileType = file.xib; path = MotiveView.xib; sourceTree = "<group>"; };
		D4F64F7A2422295F00FCA7E4 /* MotiveView.swift */ = {isa = PBXFileReference; lastKnownFileType = sourcecode.swift; path = MotiveView.swift; sourceTree = "<group>"; };
		D4F64F7C24222C1F00FCA7E4 /* Motive.swift */ = {isa = PBXFileReference; lastKnownFileType = sourcecode.swift; path = Motive.swift; sourceTree = "<group>"; };
		D4F64F7F24225E0800FCA7E4 /* SignatureVC.swift */ = {isa = PBXFileReference; lastKnownFileType = sourcecode.swift; path = SignatureVC.swift; sourceTree = "<group>"; };
		D4F64F8124225E4200FCA7E4 /* Canva.swift */ = {isa = PBXFileReference; lastKnownFileType = sourcecode.swift; path = Canva.swift; sourceTree = "<group>"; };
		D4F64F852422764100FCA7E4 /* UIView+Extensions.swift */ = {isa = PBXFileReference; lastKnownFileType = sourcecode.swift; path = "UIView+Extensions.swift"; sourceTree = "<group>"; };
		D4F64F87242286DE00FCA7E4 /* UserInfosVC.swift */ = {isa = PBXFileReference; lastKnownFileType = sourcecode.swift; path = UserInfosVC.swift; sourceTree = "<group>"; };
/* End PBXFileReference section */

/* Begin PBXFrameworksBuildPhase section */
		D4F64F5E24221B7100FCA7E4 /* Frameworks */ = {
			isa = PBXFrameworksBuildPhase;
			buildActionMask = 2147483647;
			files = (
			);
			runOnlyForDeploymentPostprocessing = 0;
		};
/* End PBXFrameworksBuildPhase section */

/* Begin PBXGroup section */
		D4C230542422B19E00DAC5B3 /* ViewControllers */ = {
			isa = PBXGroup;
			children = (
				D4F64F6824221B7100FCA7E4 /* ViewController.swift */,
				D4F64F87242286DE00FCA7E4 /* UserInfosVC.swift */,
				D4F64F7F24225E0800FCA7E4 /* SignatureVC.swift */,
				D4C230582422DAE500DAC5B3 /* CertificateVC.swift */,
			);
			path = ViewControllers;
			sourceTree = "<group>";
		};
		D4C230552422B1B700DAC5B3 /* Extensions */ = {
			isa = PBXGroup;
			children = (
				D4F64F852422764100FCA7E4 /* UIView+Extensions.swift */,
			);
			path = Extensions;
			sourceTree = "<group>";
		};
		D4C230562422B1CE00DAC5B3 /* Views */ = {
			isa = PBXGroup;
			children = (
				D4F64F7A2422295F00FCA7E4 /* MotiveView.swift */,
				D4F64F782422285A00FCA7E4 /* MotiveView.xib */,
				D4F64F8124225E4200FCA7E4 /* Canva.swift */,
			);
			path = Views;
			sourceTree = "<group>";
		};
		D4C230572422B20900DAC5B3 /* Model */ = {
			isa = PBXGroup;
			children = (
				D4F64F7C24222C1F00FCA7E4 /* Motive.swift */,
			);
			path = Model;
			sourceTree = "<group>";
		};
		D4F64F5824221B7100FCA7E4 = {
			isa = PBXGroup;
			children = (
				D4F64F6324221B7100FCA7E4 /* RestezChezVous */,
				D4F64F6224221B7100FCA7E4 /* Products */,
			);
			sourceTree = "<group>";
		};
		D4F64F6224221B7100FCA7E4 /* Products */ = {
			isa = PBXGroup;
			children = (
				D4F64F6124221B7100FCA7E4 /* RestezChezVous.app */,
			);
			name = Products;
			sourceTree = "<group>";
		};
		D4F64F6324221B7100FCA7E4 /* RestezChezVous */ = {
			isa = PBXGroup;
			children = (
				D4F64F6424221B7100FCA7E4 /* AppDelegate.swift */,
				D4F64F6624221B7100FCA7E4 /* SceneDelegate.swift */,
				D4C230572422B20900DAC5B3 /* Model */,
				D4C230542422B19E00DAC5B3 /* ViewControllers */,
				D4C230562422B1CE00DAC5B3 /* Views */,
				D4C230552422B1B700DAC5B3 /* Extensions */,
				D4F64F6A24221B7100FCA7E4 /* Main.storyboard */,
				D4F64F6D24221B7200FCA7E4 /* Assets.xcassets */,
				D4F64F6F24221B7200FCA7E4 /* LaunchScreen.storyboard */,
				D4F64F7224221B7200FCA7E4 /* Info.plist */,
			);
			path = RestezChezVous;
			sourceTree = "<group>";
		};
/* End PBXGroup section */

/* Begin PBXNativeTarget section */
		D4F64F6024221B7100FCA7E4 /* RestezChezVous */ = {
			isa = PBXNativeTarget;
			buildConfigurationList = D4F64F7524221B7200FCA7E4 /* Build configuration list for PBXNativeTarget "RestezChezVous" */;
			buildPhases = (
				D4F64F5D24221B7100FCA7E4 /* Sources */,
				D4F64F5E24221B7100FCA7E4 /* Frameworks */,
				D4F64F5F24221B7100FCA7E4 /* Resources */,
			);
			buildRules = (
			);
			dependencies = (
			);
			name = RestezChezVous;
			productName = RestezChezVous;
			productReference = D4F64F6124221B7100FCA7E4 /* RestezChezVous.app */;
			productType = "com.apple.product-type.application";
		};
/* End PBXNativeTarget section */

/* Begin PBXProject section */
		D4F64F5924221B7100FCA7E4 /* Project object */ = {
			isa = PBXProject;
			attributes = {
				LastSwiftUpdateCheck = 1130;
				LastUpgradeCheck = 1130;
				ORGANIZATIONNAME = FairTrip;
				TargetAttributes = {
					D4F64F6024221B7100FCA7E4 = {
						CreatedOnToolsVersion = 11.3.1;
					};
				};
			};
			buildConfigurationList = D4F64F5C24221B7100FCA7E4 /* Build configuration list for PBXProject "RestezChezVous" */;
			compatibilityVersion = "Xcode 9.3";
			developmentRegion = en;
			hasScannedForEncodings = 0;
			knownRegions = (
				en,
				Base,
			);
			mainGroup = D4F64F5824221B7100FCA7E4;
			productRefGroup = D4F64F6224221B7100FCA7E4 /* Products */;
			projectDirPath = "";
			projectRoot = "";
			targets = (
				D4F64F6024221B7100FCA7E4 /* RestezChezVous */,
			);
		};
/* End PBXProject section */

/* Begin PBXResourcesBuildPhase section */
		D4F64F5F24221B7100FCA7E4 /* Resources */ = {
			isa = PBXResourcesBuildPhase;
			buildActionMask = 2147483647;
			files = (
				D4F64F7124221B7200FCA7E4 /* LaunchScreen.storyboard in Resources */,
				D4F64F6E24221B7200FCA7E4 /* Assets.xcassets in Resources */,
				D4F64F792422285A00FCA7E4 /* MotiveView.xib in Resources */,
				D4F64F6C24221B7100FCA7E4 /* Main.storyboard in Resources */,
			);
			runOnlyForDeploymentPostprocessing = 0;
		};
/* End PBXResourcesBuildPhase section */

/* Begin PBXSourcesBuildPhase section */
		D4F64F5D24221B7100FCA7E4 /* Sources */ = {
			isa = PBXSourcesBuildPhase;
			buildActionMask = 2147483647;
			files = (
				D4F64F6924221B7100FCA7E4 /* ViewController.swift in Sources */,
				D4F64F88242286DE00FCA7E4 /* UserInfosVC.swift in Sources */,
				D4F64F7D24222C1F00FCA7E4 /* Motive.swift in Sources */,
				D4F64F6524221B7100FCA7E4 /* AppDelegate.swift in Sources */,
				D4C230592422DAE500DAC5B3 /* CertificateVC.swift in Sources */,
				D4F64F862422764100FCA7E4 /* UIView+Extensions.swift in Sources */,
				D4F64F7B2422295F00FCA7E4 /* MotiveView.swift in Sources */,
				D4F64F8224225E4200FCA7E4 /* Canva.swift in Sources */,
				D4F64F6724221B7100FCA7E4 /* SceneDelegate.swift in Sources */,
				D4F64F8024225E0800FCA7E4 /* SignatureVC.swift in Sources */,
			);
			runOnlyForDeploymentPostprocessing = 0;
		};
/* End PBXSourcesBuildPhase section */

/* Begin PBXVariantGroup section */
		D4F64F6A24221B7100FCA7E4 /* Main.storyboard */ = {
			isa = PBXVariantGroup;
			children = (
				D4F64F6B24221B7100FCA7E4 /* Base */,
			);
			name = Main.storyboard;
			sourceTree = "<group>";
		};
		D4F64F6F24221B7200FCA7E4 /* LaunchScreen.storyboard */ = {
			isa = PBXVariantGroup;
			children = (
				D4F64F7024221B7200FCA7E4 /* Base */,
			);
			name = LaunchScreen.storyboard;
			sourceTree = "<group>";
		};
/* End PBXVariantGroup section */

/* Begin XCBuildConfiguration section */
		D4F64F7324221B7200FCA7E4 /* Debug */ = {
			isa = XCBuildConfiguration;
			buildSettings = {
				ALWAYS_SEARCH_USER_PATHS = NO;
				CLANG_ANALYZER_NONNULL = YES;
				CLANG_ANALYZER_NUMBER_OBJECT_CONVERSION = YES_AGGRESSIVE;
				CLANG_CXX_LANGUAGE_STANDARD = "gnu++14";
				CLANG_CXX_LIBRARY = "libc++";
				CLANG_ENABLE_MODULES = YES;
				CLANG_ENABLE_OBJC_ARC = YES;
				CLANG_ENABLE_OBJC_WEAK = YES;
				CLANG_WARN_BLOCK_CAPTURE_AUTORELEASING = YES;
				CLANG_WARN_BOOL_CONVERSION = YES;
				CLANG_WARN_COMMA = YES;
				CLANG_WARN_CONSTANT_CONVERSION = YES;
				CLANG_WARN_DEPRECATED_OBJC_IMPLEMENTATIONS = YES;
				CLANG_WARN_DIRECT_OBJC_ISA_USAGE = YES_ERROR;
				CLANG_WARN_DOCUMENTATION_COMMENTS = YES;
				CLANG_WARN_EMPTY_BODY = YES;
				CLANG_WARN_ENUM_CONVERSION = YES;
				CLANG_WARN_INFINITE_RECURSION = YES;
				CLANG_WARN_INT_CONVERSION = YES;
				CLANG_WARN_NON_LITERAL_NULL_CONVERSION = YES;
				CLANG_WARN_OBJC_IMPLICIT_RETAIN_SELF = YES;
				CLANG_WARN_OBJC_LITERAL_CONVERSION = YES;
				CLANG_WARN_OBJC_ROOT_CLASS = YES_ERROR;
				CLANG_WARN_RANGE_LOOP_ANALYSIS = YES;
				CLANG_WARN_STRICT_PROTOTYPES = YES;
				CLANG_WARN_SUSPICIOUS_MOVE = YES;
				CLANG_WARN_UNGUARDED_AVAILABILITY = YES_AGGRESSIVE;
				CLANG_WARN_UNREACHABLE_CODE = YES;
				CLANG_WARN__DUPLICATE_METHOD_MATCH = YES;
				COPY_PHASE_STRIP = NO;
				DEBUG_INFORMATION_FORMAT = dwarf;
				ENABLE_STRICT_OBJC_MSGSEND = YES;
				ENABLE_TESTABILITY = YES;
				GCC_C_LANGUAGE_STANDARD = gnu11;
				GCC_DYNAMIC_NO_PIC = NO;
				GCC_NO_COMMON_BLOCKS = YES;
				GCC_OPTIMIZATION_LEVEL = 0;
				GCC_PREPROCESSOR_DEFINITIONS = (
					"DEBUG=1",
					"$(inherited)",
				);
				GCC_WARN_64_TO_32_BIT_CONVERSION = YES;
				GCC_WARN_ABOUT_RETURN_TYPE = YES_ERROR;
				GCC_WARN_UNDECLARED_SELECTOR = YES;
				GCC_WARN_UNINITIALIZED_AUTOS = YES_AGGRESSIVE;
				GCC_WARN_UNUSED_FUNCTION = YES;
				GCC_WARN_UNUSED_VARIABLE = YES;
				IPHONEOS_DEPLOYMENT_TARGET = 13.2;
				MTL_ENABLE_DEBUG_INFO = INCLUDE_SOURCE;
				MTL_FAST_MATH = YES;
				ONLY_ACTIVE_ARCH = YES;
				SDKROOT = iphoneos;
				SWIFT_ACTIVE_COMPILATION_CONDITIONS = DEBUG;
				SWIFT_OPTIMIZATION_LEVEL = "-Onone";
			};
			name = Debug;
		};
		D4F64F7424221B7200FCA7E4 /* Release */ = {
			isa = XCBuildConfiguration;
			buildSettings = {
				ALWAYS_SEARCH_USER_PATHS = NO;
				CLANG_ANALYZER_NONNULL = YES;
				CLANG_ANALYZER_NUMBER_OBJECT_CONVERSION = YES_AGGRESSIVE;
				CLANG_CXX_LANGUAGE_STANDARD = "gnu++14";
				CLANG_CXX_LIBRARY = "libc++";
				CLANG_ENABLE_MODULES = YES;
				CLANG_ENABLE_OBJC_ARC = YES;
				CLANG_ENABLE_OBJC_WEAK = YES;
				CLANG_WARN_BLOCK_CAPTURE_AUTORELEASING = YES;
				CLANG_WARN_BOOL_CONVERSION = YES;
				CLANG_WARN_COMMA = YES;
				CLANG_WARN_CONSTANT_CONVERSION = YES;
				CLANG_WARN_DEPRECATED_OBJC_IMPLEMENTATIONS = YES;
				CLANG_WARN_DIRECT_OBJC_ISA_USAGE = YES_ERROR;
				CLANG_WARN_DOCUMENTATION_COMMENTS = YES;
				CLANG_WARN_EMPTY_BODY = YES;
				CLANG_WARN_ENUM_CONVERSION = YES;
				CLANG_WARN_INFINITE_RECURSION = YES;
				CLANG_WARN_INT_CONVERSION = YES;
				CLANG_WARN_NON_LITERAL_NULL_CONVERSION = YES;
				CLANG_WARN_OBJC_IMPLICIT_RETAIN_SELF = YES;
				CLANG_WARN_OBJC_LITERAL_CONVERSION = YES;
				CLANG_WARN_OBJC_ROOT_CLASS = YES_ERROR;
				CLANG_WARN_RANGE_LOOP_ANALYSIS = YES;
				CLANG_WARN_STRICT_PROTOTYPES = YES;
				CLANG_WARN_SUSPICIOUS_MOVE = YES;
				CLANG_WARN_UNGUARDED_AVAILABILITY = YES_AGGRESSIVE;
				CLANG_WARN_UNREACHABLE_CODE = YES;
				CLANG_WARN__DUPLICATE_METHOD_MATCH = YES;
				COPY_PHASE_STRIP = NO;
				DEBUG_INFORMATION_FORMAT = "dwarf-with-dsym";
				ENABLE_NS_ASSERTIONS = NO;
				ENABLE_STRICT_OBJC_MSGSEND = YES;
				GCC_C_LANGUAGE_STANDARD = gnu11;
				GCC_NO_COMMON_BLOCKS = YES;
				GCC_WARN_64_TO_32_BIT_CONVERSION = YES;
				GCC_WARN_ABOUT_RETURN_TYPE = YES_ERROR;
				GCC_WARN_UNDECLARED_SELECTOR = YES;
				GCC_WARN_UNINITIALIZED_AUTOS = YES_AGGRESSIVE;
				GCC_WARN_UNUSED_FUNCTION = YES;
				GCC_WARN_UNUSED_VARIABLE = YES;
				IPHONEOS_DEPLOYMENT_TARGET = 13.2;
				MTL_ENABLE_DEBUG_INFO = NO;
				MTL_FAST_MATH = YES;
				SDKROOT = iphoneos;
				SWIFT_COMPILATION_MODE = wholemodule;
				SWIFT_OPTIMIZATION_LEVEL = "-O";
				VALIDATE_PRODUCT = YES;
			};
			name = Release;
		};
		D4F64F7624221B7200FCA7E4 /* Debug */ = {
			isa = XCBuildConfiguration;
			buildSettings = {
				ASSETCATALOG_COMPILER_APPICON_NAME = AppIcon;
				CODE_SIGN_STYLE = Automatic;
				DEVELOPMENT_TEAM = G92J9Q6485;
				INFOPLIST_FILE = RestezChezVous/Info.plist;
				LD_RUNPATH_SEARCH_PATHS = (
					"$(inherited)",
					"@executable_path/Frameworks",
				);
				PRODUCT_BUNDLE_IDENTIFIER = FairTrip.RestezChezVous;
				PRODUCT_NAME = "$(TARGET_NAME)";
				SWIFT_VERSION = 5.0;
				TARGETED_DEVICE_FAMILY = "1,2";
			};
			name = Debug;
		};
		D4F64F7724221B7200FCA7E4 /* Release */ = {
			isa = XCBuildConfiguration;
			buildSettings = {
				ASSETCATALOG_COMPILER_APPICON_NAME = AppIcon;
				CODE_SIGN_STYLE = Automatic;
				DEVELOPMENT_TEAM = G92J9Q6485;
				INFOPLIST_FILE = RestezChezVous/Info.plist;
				LD_RUNPATH_SEARCH_PATHS = (
					"$(inherited)",
					"@executable_path/Frameworks",
				);
				PRODUCT_BUNDLE_IDENTIFIER = FairTrip.RestezChezVous;
				PRODUCT_NAME = "$(TARGET_NAME)";
				SWIFT_VERSION = 5.0;
				TARGETED_DEVICE_FAMILY = "1,2";
			};
			name = Release;
		};
/* End XCBuildConfiguration section */

/* Begin XCConfigurationList section */
		D4F64F5C24221B7100FCA7E4 /* Build configuration list for PBXProject "RestezChezVous" */ = {
			isa = XCConfigurationList;
			buildConfigurations = (
				D4F64F7324221B7200FCA7E4 /* Debug */,
				D4F64F7424221B7200FCA7E4 /* Release */,
			);
			defaultConfigurationIsVisible = 0;
			defaultConfigurationName = Release;
		};
		D4F64F7524221B7200FCA7E4 /* Build configuration list for PBXNativeTarget "RestezChezVous" */ = {
			isa = XCConfigurationList;
			buildConfigurations = (
				D4F64F7624221B7200FCA7E4 /* Debug */,
				D4F64F7724221B7200FCA7E4 /* Release */,
			);
			defaultConfigurationIsVisible = 0;
			defaultConfigurationName = Release;
		};
/* End XCConfigurationList section */
	};
	rootObject = D4F64F5924221B7100FCA7E4 /* Project object */;
}
